
Microsoft Visual Studio Solution File, Format Version 12.00
# Visual Studio 15
VisualStudioVersion = 15.0.27428.2037
MinimumVisualStudioVersion = 10.0.40219.1
Project("{8BC9CEB8-8B4A-11D0-8D11-00A0C91BC942}") = "c-lo", "c-lo\c-lo.vcxproj", "{0C3DBE07-4EA3-4085-8058-8DBCC26BF842}"
EndProject
Global
	GlobalSection(SolutionConfigurationPlatforms) = preSolution
		Debug|x64 = Debug|x64
		Debug|x86 = Debug|x86
		Release|x64 = Release|x64
		Release|x86 = Release|x86
	EndGlobalSection
	GlobalSection(ProjectConfigurationPlatforms) = postSolution
		{0C3DBE07-4EA3-4085-8058-8DBCC26BF842}.Debug|x64.ActiveCfg = Debug|x64
		{0C3DBE07-4EA3-4085-8058-8DBCC26BF842}.Debug|x64.Build.0 = Debug|x64
		{0C3DBE07-4EA3-4085-8058-8DBCC26BF842}.Debug|x86.ActiveCfg = Debug|Win32
		{0C3DBE07-4EA3-4085-8058-8DBCC26BF842}.Debug|x86.Build.0 = Debug|Win32
		{0C3DBE07-4EA3-4085-8058-8DBCC26BF842}.Release|x64.ActiveCfg = Release|x64
		{0C3DBE07-4EA3-4085-8058-8DBCC26BF842}.Release|x64.Build.0 = Release|x64
		{0C3DBE07-4EA3-4085-8058-8DBCC26BF842}.Release|x86.ActiveCfg = Release|Win32
		{0C3DBE07-4EA3-4085-8058-8DBCC26BF842}.Release|x86.Build.0 = Release|Win32
	EndGlobalSection
	GlobalSection(SolutionProperties) = preSolution
		HideSolutionNode = FALSE
	EndGlobalSection
	GlobalSection(ExtensibilityGlobals) = postSolution
		SolutionGuid = {4D39F438-471A-4D68-906D-8C435E4C5F02}
	EndGlobalSection
EndGlobal
